
Microsoft Visual Studio Solution File, Format Version 12.00
# Visual Studio 15
VisualStudioVersion = 15.0.27703.1
MinimumVisualStudioVersion = 10.0.40219.1
Project("{FAE04EC0-301F-11D3-BF4B-00C04F79EFBC}") = "zeta_temp", "zeta_temp\zeta_temp.csproj", "{5C68484C-31C0-4C1B-8197-9DC44290BFAA}"
EndProject
Global
	GlobalSection(SolutionConfigurationPlatforms) = preSolution
		Debug|Any CPU = Debug|Any CPU
		Release|Any CPU = Release|Any CPU
	EndGlobalSection
	GlobalSection(ProjectConfigurationPlatforms) = postSolution
		{5C68484C-31C0-4C1B-8197-9DC44290BFAA}.Debug|Any CPU.ActiveCfg = Debug|Any CPU
		{5C68484C-31C0-4C1B-8197-9DC44290BFAA}.Debug|Any CPU.Build.0 = Debug|Any CPU
		{5C68484C-31C0-4C1B-8197-9DC44290BFAA}.Release|Any CPU.ActiveCfg = Release|Any CPU
		{5C68484C-31C0-4C1B-8197-9DC44290BFAA}.Release|Any CPU.Build.0 = Release|Any CPU
	EndGlobalSection
	GlobalSection(SolutionProperties) = preSolution
		HideSolutionNode = FALSE
	EndGlobalSection
	GlobalSection(ExtensibilityGlobals) = postSolution
		SolutionGuid = {82FF30C8-1A02-4C20-8F33-D526DCC412FF}
	EndGlobalSection
EndGlobal
